// !$*UTF8*$!
{
	archiveVersion = 1;
	classes = {
	};
	objectVersion = 50;
	objects = {

/* Begin PBXBuildFile section */
		FDCD521921084C860081FE4D /* AppDelegate.m in Sources */ = {isa = PBXBuildFile; fileRef = FDCD521821084C860081FE4D /* AppDelegate.m */; };
		FDCD521C21084C860081FE4D /* ViewController.m in Sources */ = {isa = PBXBuildFile; fileRef = FDCD521B21084C860081FE4D /* ViewController.m */; };
		FDCD521F21084C860081FE4D /* Main.storyboard in Resources */ = {isa = PBXBuildFile; fileRef = FDCD521D21084C860081FE4D /* Main.storyboard */; };
		FDCD522121084C880081FE4D /* Assets.xcassets in Resources */ = {isa = PBXBuildFile; fileRef = FDCD522021084C880081FE4D /* Assets.xcassets */; };
		FDCD522421084C880081FE4D /* LaunchScreen.storyboard in Resources */ = {isa = PBXBuildFile; fileRef = FDCD522221084C880081FE4D /* LaunchScreen.storyboard */; };
		FDCD522721084C880081FE4D /* main.m in Sources */ = {isa = PBXBuildFile; fileRef = FDCD522621084C880081FE4D /* main.m */; };
		FDCD5277210855B90081FE4D /* cw.framework in Frameworks */ = {isa = PBXBuildFile; fileRef = FDCD5275210855AC0081FE4D /* cw.framework */; };
		FDCD5278210855B90081FE4D /* cw.framework in Embed Frameworks */ = {isa = PBXBuildFile; fileRef = FDCD5275210855AC0081FE4D /* cw.framework */; settings = {ATTRIBUTES = (CodeSignOnCopy, RemoveHeadersOnCopy, ); }; };
		FDCD5279210855B90081FE4D /* adb.framework in Frameworks */ = {isa = PBXBuildFile; fileRef = FDCD5273210855AC0081FE4D /* adb.framework */; };
		FDCD527A210855B90081FE4D /* adb.framework in Embed Frameworks */ = {isa = PBXBuildFile; fileRef = FDCD5273210855AC0081FE4D /* adb.framework */; settings = {ATTRIBUTES = (CodeSignOnCopy, RemoveHeadersOnCopy, ); }; };
/* End PBXBuildFile section */

/* Begin PBXCopyFilesBuildPhase section */
		FDCD527B210855BA0081FE4D /* Embed Frameworks */ = {
			isa = PBXCopyFilesBuildPhase;
			buildActionMask = 2147483647;
			dstPath = "";
			dstSubfolderSpec = 10;
			files = (
				FDCD527A210855B90081FE4D /* adb.framework in Embed Frameworks */,
				FDCD5278210855B90081FE4D /* cw.framework in Embed Frameworks */,
			);
			name = "Embed Frameworks";
			runOnlyForDeploymentPostprocessing = 0;
		};
/* End PBXCopyFilesBuildPhase section */

/* Begin PBXFileReference section */
		FDCD521421084C860081FE4D /* acwios.app */ = {isa = PBXFileReference; explicitFileType = wrapper.application; includeInIndex = 0; path = acwios.app; sourceTree = BUILT_PRODUCTS_DIR; };
		FDCD521721084C860081FE4D /* AppDelegate.h */ = {isa = PBXFileReference; lastKnownFileType = sourcecode.c.h; path = AppDelegate.h; sourceTree = "<group>"; };
		FDCD521821084C860081FE4D /* AppDelegate.m */ = {isa = PBXFileReference; lastKnownFileType = sourcecode.c.objc; path = AppDelegate.m; sourceTree = "<group>"; };
		FDCD521A21084C860081FE4D /* ViewController.h */ = {isa = PBXFileReference; lastKnownFileType = sourcecode.c.h; path = ViewController.h; sourceTree = "<group>"; };
		FDCD521B21084C860081FE4D /* ViewController.m */ = {isa = PBXFileReference; lastKnownFileType = sourcecode.c.objc; path = ViewController.m; sourceTree = "<group>"; };
		FDCD521E21084C860081FE4D /* Base */ = {isa = PBXFileReference; lastKnownFileType = file.storyboard; name = Base; path = Base.lproj/Main.storyboard; sourceTree = "<group>"; };
		FDCD522021084C880081FE4D /* Assets.xcassets */ = {isa = PBXFileReference; lastKnownFileType = folder.assetcatalog; path = Assets.xcassets; sourceTree = "<group>"; };
		FDCD522321084C880081FE4D /* Base */ = {isa = PBXFileReference; lastKnownFileType = file.storyboard; name = Base; path = Base.lproj/LaunchScreen.storyboard; sourceTree = "<group>"; };
		FDCD522521084C880081FE4D /* Info.plist */ = {isa = PBXFileReference; lastKnownFileType = text.plist.xml; path = Info.plist; sourceTree = "<group>"; };
		FDCD522621084C880081FE4D /* main.m */ = {isa = PBXFileReference; lastKnownFileType = sourcecode.c.objc; path = main.m; sourceTree = "<group>"; };
		FDCD5273210855AC0081FE4D /* adb.framework */ = {isa = PBXFileReference; explicitFileType = wrapper.framework; path = adb.framework; sourceTree = BUILT_PRODUCTS_DIR; };
		FDCD5275210855AC0081FE4D /* cw.framework */ = {isa = PBXFileReference; explicitFileType = wrapper.framework; path = cw.framework; sourceTree = BUILT_PRODUCTS_DIR; };
/* End PBXFileReference section */

/* Begin PBXFrameworksBuildPhase section */
		FDCD521121084C860081FE4D /* Frameworks */ = {
			isa = PBXFrameworksBuildPhase;
			buildActionMask = 2147483647;
			files = (
				FDCD5279210855B90081FE4D /* adb.framework in Frameworks */,
				FDCD5277210855B90081FE4D /* cw.framework in Frameworks */,
			);
			runOnlyForDeploymentPostprocessing = 0;
		};
/* End PBXFrameworksBuildPhase section */

/* Begin PBXGroup section */
		FDCD520B21084C860081FE4D = {
			isa = PBXGroup;
			children = (
				FDCD521621084C860081FE4D /* acwios */,
				FDCD521521084C860081FE4D /* Products */,
				FDCD5272210855AC0081FE4D /* Frameworks */,
			);
			sourceTree = "<group>";
		};
		FDCD521521084C860081FE4D /* Products */ = {
			isa = PBXGroup;
			children = (
				FDCD521421084C860081FE4D /* acwios.app */,
			);
			name = Products;
			sourceTree = "<group>";
		};
		FDCD521621084C860081FE4D /* acwios */ = {
			isa = PBXGroup;
			children = (
				FDCD521721084C860081FE4D /* AppDelegate.h */,
				FDCD521821084C860081FE4D /* AppDelegate.m */,
				FDCD521A21084C860081FE4D /* ViewController.h */,
				FDCD521B21084C860081FE4D /* ViewController.m */,
				FDCD521D21084C860081FE4D /* Main.storyboard */,
				FDCD522021084C880081FE4D /* Assets.xcassets */,
				FDCD522221084C880081FE4D /* LaunchScreen.storyboard */,
				FDCD522521084C880081FE4D /* Info.plist */,
				FDCD522621084C880081FE4D /* main.m */,
			);
			path = acwios;
			sourceTree = "<group>";
		};
		FDCD5272210855AC0081FE4D /* Frameworks */ = {
			isa = PBXGroup;
			children = (
				FDCD5273210855AC0081FE4D /* adb.framework */,
				FDCD5275210855AC0081FE4D /* cw.framework */,
			);
			name = Frameworks;
			sourceTree = "<group>";
		};
/* End PBXGroup section */

/* Begin PBXNativeTarget section */
		FDCD521321084C860081FE4D /* acwios */ = {
			isa = PBXNativeTarget;
			buildConfigurationList = FDCD522A21084C880081FE4D /* Build configuration list for PBXNativeTarget "acwios" */;
			buildPhases = (
				FDCD521021084C860081FE4D /* Sources */,
				FDCD521121084C860081FE4D /* Frameworks */,
				FDCD521221084C860081FE4D /* Resources */,
				FDCD527B210855BA0081FE4D /* Embed Frameworks */,
			);
			buildRules = (
			);
			dependencies = (
			);
			name = acwios;
			productName = acwios;
			productReference = FDCD521421084C860081FE4D /* acwios.app */;
			productType = "com.apple.product-type.application";
		};
/* End PBXNativeTarget section */

/* Begin PBXProject section */
		FDCD520C21084C860081FE4D /* Project object */ = {
			isa = PBXProject;
			attributes = {
				LastUpgradeCheck = 0940;
				ORGANIZATIONNAME = "Immortal Games";
				TargetAttributes = {
					FDCD521321084C860081FE4D = {
						CreatedOnToolsVersion = 9.4.1;
					};
				};
			};
			buildConfigurationList = FDCD520F21084C860081FE4D /* Build configuration list for PBXProject "acwios" */;
			compatibilityVersion = "Xcode 9.3";
			developmentRegion = en;
			hasScannedForEncodings = 0;
			knownRegions = (
				en,
				Base,
			);
			mainGroup = FDCD520B21084C860081FE4D;
			productRefGroup = FDCD521521084C860081FE4D /* Products */;
			projectDirPath = "";
			projectRoot = "";
			targets = (
				FDCD521321084C860081FE4D /* acwios */,
			);
		};
/* End PBXProject section */

/* Begin PBXResourcesBuildPhase section */
		FDCD521221084C860081FE4D /* Resources */ = {
			isa = PBXResourcesBuildPhase;
			buildActionMask = 2147483647;
			files = (
				FDCD522421084C880081FE4D /* LaunchScreen.storyboard in Resources */,
				FDCD522121084C880081FE4D /* Assets.xcassets in Resources */,
				FDCD521F21084C860081FE4D /* Main.storyboard in Resources */,
			);
			runOnlyForDeploymentPostprocessing = 0;
		};
/* End PBXResourcesBuildPhase section */

/* Begin PBXSourcesBuildPhase section */
		FDCD521021084C860081FE4D /* Sources */ = {
			isa = PBXSourcesBuildPhase;
			buildActionMask = 2147483647;
			files = (
				FDCD521C21084C860081FE4D /* ViewController.m in Sources */,
				FDCD522721084C880081FE4D /* main.m in Sources */,
				FDCD521921084C860081FE4D /* AppDelegate.m in Sources */,
			);
			runOnlyForDeploymentPostprocessing = 0;
		};
/* End PBXSourcesBuildPhase section */

/* Begin PBXVariantGroup section */
		FDCD521D21084C860081FE4D /* Main.storyboard */ = {
			isa = PBXVariantGroup;
			children = (
				FDCD521E21084C860081FE4D /* Base */,
			);
			name = Main.storyboard;
			sourceTree = "<group>";
		};
		FDCD522221084C880081FE4D /* LaunchScreen.storyboard */ = {
			isa = PBXVariantGroup;
			children = (
				FDCD522321084C880081FE4D /* Base */,
			);
			name = LaunchScreen.storyboard;
			sourceTree = "<group>";
		};
/* End PBXVariantGroup section */

/* Begin XCBuildConfiguration section */
		FDCD522821084C880081FE4D /* Debug */ = {
			isa = XCBuildConfiguration;
			buildSettings = {
				ALWAYS_SEARCH_USER_PATHS = NO;
				CLANG_ANALYZER_NONNULL = YES;
				CLANG_ANALYZER_NUMBER_OBJECT_CONVERSION = YES_AGGRESSIVE;
				CLANG_CXX_LANGUAGE_STANDARD = "gnu++14";
				CLANG_CXX_LIBRARY = "libc++";
				CLANG_ENABLE_MODULES = YES;
				CLANG_ENABLE_OBJC_ARC = YES;
				CLANG_ENABLE_OBJC_WEAK = YES;
				CLANG_WARN_BLOCK_CAPTURE_AUTORELEASING = YES;
				CLANG_WARN_BOOL_CONVERSION = YES;
				CLANG_WARN_COMMA = YES;
				CLANG_WARN_CONSTANT_CONVERSION = YES;
				CLANG_WARN_DEPRECATED_OBJC_IMPLEMENTATIONS = YES;
				CLANG_WARN_DIRECT_OBJC_ISA_USAGE = YES_ERROR;
				CLANG_WARN_DOCUMENTATION_COMMENTS = YES;
				CLANG_WARN_EMPTY_BODY = YES;
				CLANG_WARN_ENUM_CONVERSION = YES;
				CLANG_WARN_INFINITE_RECURSION = YES;
				CLANG_WARN_INT_CONVERSION = YES;
				CLANG_WARN_NON_LITERAL_NULL_CONVERSION = YES;
				CLANG_WARN_OBJC_IMPLICIT_RETAIN_SELF = YES;
				CLANG_WARN_OBJC_LITERAL_CONVERSION = YES;
				CLANG_WARN_OBJC_ROOT_CLASS = YES_ERROR;
				CLANG_WARN_RANGE_LOOP_ANALYSIS = YES;
				CLANG_WARN_STRICT_PROTOTYPES = YES;
				CLANG_WARN_SUSPICIOUS_MOVE = YES;
				CLANG_WARN_UNGUARDED_AVAILABILITY = YES_AGGRESSIVE;
				CLANG_WARN_UNREACHABLE_CODE = YES;
				CLANG_WARN__DUPLICATE_METHOD_MATCH = YES;
				CODE_SIGN_IDENTITY = "iPhone Developer";
				COPY_PHASE_STRIP = NO;
				DEBUG_INFORMATION_FORMAT = dwarf;
				ENABLE_STRICT_OBJC_MSGSEND = YES;
				ENABLE_TESTABILITY = YES;
				GCC_C_LANGUAGE_STANDARD = gnu11;
				GCC_DYNAMIC_NO_PIC = NO;
				GCC_NO_COMMON_BLOCKS = YES;
				GCC_OPTIMIZATION_LEVEL = 0;
				GCC_PREPROCESSOR_DEFINITIONS = (
					"DEBUG=1",
					"$(inherited)",
				);
				GCC_WARN_64_TO_32_BIT_CONVERSION = YES;
				GCC_WARN_ABOUT_RETURN_TYPE = YES_ERROR;
				GCC_WARN_UNDECLARED_SELECTOR = YES;
				GCC_WARN_UNINITIALIZED_AUTOS = YES_AGGRESSIVE;
				GCC_WARN_UNUSED_FUNCTION = YES;
				GCC_WARN_UNUSED_VARIABLE = YES;
				IPHONEOS_DEPLOYMENT_TARGET = 11.4;
				MTL_ENABLE_DEBUG_INFO = YES;
				ONLY_ACTIVE_ARCH = YES;
				SDKROOT = iphoneos;
			};
			name = Debug;
		};
		FDCD522921084C880081FE4D /* Release */ = {
			isa = XCBuildConfiguration;
			buildSettings = {
				ALWAYS_SEARCH_USER_PATHS = NO;
				CLANG_ANALYZER_NONNULL = YES;
				CLANG_ANALYZER_NUMBER_OBJECT_CONVERSION = YES_AGGRESSIVE;
				CLANG_CXX_LANGUAGE_STANDARD = "gnu++14";
				CLANG_CXX_LIBRARY = "libc++";
				CLANG_ENABLE_MODULES = YES;
				CLANG_ENABLE_OBJC_ARC = YES;
				CLANG_ENABLE_OBJC_WEAK = YES;
				CLANG_WARN_BLOCK_CAPTURE_AUTORELEASING = YES;
				CLANG_WARN_BOOL_CONVERSION = YES;
				CLANG_WARN_COMMA = YES;
				CLANG_WARN_CONSTANT_CONVERSION = YES;
				CLANG_WARN_DEPRECATED_OBJC_IMPLEMENTATIONS = YES;
				CLANG_WARN_DIRECT_OBJC_ISA_USAGE = YES_ERROR;
				CLANG_WARN_DOCUMENTATION_COMMENTS = YES;
				CLANG_WARN_EMPTY_BODY = YES;
				CLANG_WARN_ENUM_CONVERSION = YES;
				CLANG_WARN_INFINITE_RECURSION = YES;
				CLANG_WARN_INT_CONVERSION = YES;
				CLANG_WARN_NON_LITERAL_NULL_CONVERSION = YES;
				CLANG_WARN_OBJC_IMPLICIT_RETAIN_SELF = YES;
				CLANG_WARN_OBJC_LITERAL_CONVERSION = YES;
				CLANG_WARN_OBJC_ROOT_CLASS = YES_ERROR;
				CLANG_WARN_RANGE_LOOP_ANALYSIS = YES;
				CLANG_WARN_STRICT_PROTOTYPES = YES;
				CLANG_WARN_SUSPICIOUS_MOVE = YES;
				CLANG_WARN_UNGUARDED_AVAILABILITY = YES_AGGRESSIVE;
				CLANG_WARN_UNREACHABLE_CODE = YES;
				CLANG_WARN__DUPLICATE_METHOD_MATCH = YES;
				CODE_SIGN_IDENTITY = "iPhone Developer";
				COPY_PHASE_STRIP = NO;
				DEBUG_INFORMATION_FORMAT = "dwarf-with-dsym";
				ENABLE_NS_ASSERTIONS = NO;
				ENABLE_STRICT_OBJC_MSGSEND = YES;
				GCC_C_LANGUAGE_STANDARD = gnu11;
				GCC_NO_COMMON_BLOCKS = YES;
				GCC_WARN_64_TO_32_BIT_CONVERSION = YES;
				GCC_WARN_ABOUT_RETURN_TYPE = YES_ERROR;
				GCC_WARN_UNDECLARED_SELECTOR = YES;
				GCC_WARN_UNINITIALIZED_AUTOS = YES_AGGRESSIVE;
				GCC_WARN_UNUSED_FUNCTION = YES;
				GCC_WARN_UNUSED_VARIABLE = YES;
				IPHONEOS_DEPLOYMENT_TARGET = 11.4;
				MTL_ENABLE_DEBUG_INFO = NO;
				SDKROOT = iphoneos;
				VALIDATE_PRODUCT = YES;
			};
			name = Release;
		};
		FDCD522B21084C880081FE4D /* Debug */ = {
			isa = XCBuildConfiguration;
			buildSettings = {
				ASSETCATALOG_COMPILER_APPICON_NAME = AppIcon;
				CODE_SIGN_STYLE = Automatic;
				DEVELOPMENT_TEAM = H772F9T3GZ;
				INFOPLIST_FILE = acwios/Info.plist;
				LD_RUNPATH_SEARCH_PATHS = (
					"$(inherited)",
					"@executable_path/Frameworks",
				);
				PRODUCT_BUNDLE_IDENTIFIER = com.zapp.acwios;
				PRODUCT_NAME = "$(TARGET_NAME)";
				TARGETED_DEVICE_FAMILY = "1,2";
			};
			name = Debug;
		};
		FDCD522C21084C880081FE4D /* Release */ = {
			isa = XCBuildConfiguration;
			buildSettings = {
				ASSETCATALOG_COMPILER_APPICON_NAME = AppIcon;
				CODE_SIGN_STYLE = Automatic;
				DEVELOPMENT_TEAM = H772F9T3GZ;
				INFOPLIST_FILE = acwios/Info.plist;
				LD_RUNPATH_SEARCH_PATHS = (
					"$(inherited)",
					"@executable_path/Frameworks",
				);
				PRODUCT_BUNDLE_IDENTIFIER = com.zapp.acwios;
				PRODUCT_NAME = "$(TARGET_NAME)";
				TARGETED_DEVICE_FAMILY = "1,2";
			};
			name = Release;
		};
/* End XCBuildConfiguration section */

/* Begin XCConfigurationList section */
		FDCD520F21084C860081FE4D /* Build configuration list for PBXProject "acwios" */ = {
			isa = XCConfigurationList;
			buildConfigurations = (
				FDCD522821084C880081FE4D /* Debug */,
				FDCD522921084C880081FE4D /* Release */,
			);
			defaultConfigurationIsVisible = 0;
			defaultConfigurationName = Release;
		};
		FDCD522A21084C880081FE4D /* Build configuration list for PBXNativeTarget "acwios" */ = {
			isa = XCConfigurationList;
			buildConfigurations = (
				FDCD522B21084C880081FE4D /* Debug */,
				FDCD522C21084C880081FE4D /* Release */,
			);
			defaultConfigurationIsVisible = 0;
			defaultConfigurationName = Release;
		};
/* End XCConfigurationList section */
	};
	rootObject = FDCD520C21084C860081FE4D /* Project object */;
}
