// !$*UTF8*$!
{
	archiveVersion = 1;
	classes = {
	};
	objectVersion = 50;
	objects = {

/* Begin PBXBuildFile section */
		F06399412288662400DD12D1 /* considerations.html in Resources */ = {isa = PBXBuildFile; fileRef = F063993F2288662400DD12D1 /* considerations.html */; };
		F063994422886DAE00DD12D1 /* privacy_policy.html in Resources */ = {isa = PBXBuildFile; fileRef = F063994222886DAD00DD12D1 /* privacy_policy.html */; };
		F063994522886DAE00DD12D1 /* terms_of_use.html in Resources */ = {isa = PBXBuildFile; fileRef = F063994322886DAE00DD12D1 /* terms_of_use.html */; };
		F086ACEB22EA0B8E003BBA88 /* NetPackConfig.mm in Sources */ = {isa = PBXBuildFile; fileRef = F086ACEA22EA0B8E003BBA88 /* NetPackConfig.mm */; };
		F086ACEE22EADB10003BBA88 /* libminizip.a in Frameworks */ = {isa = PBXBuildFile; fileRef = F086ACED22EADB10003BBA88 /* libminizip.a */; };
		F086ACF022EB09B1003BBA88 /* libFlurry_9.3.1.a in Frameworks */ = {isa = PBXBuildFile; fileRef = F086ACEF22EB09B1003BBA88 /* libFlurry_9.3.1.a */; };
		F086ACF222EB0E0D003BBA88 /* SystemConfiguration.framework in Frameworks */ = {isa = PBXBuildFile; fileRef = F086ACF122EB0E0C003BBA88 /* SystemConfiguration.framework */; };
		F092DB1F210CA5AA006B4DC6 /* Downloader.m in Sources */ = {isa = PBXBuildFile; fileRef = F092DB1E210CA5AA006B4DC6 /* Downloader.m */; };
		F09B2053210D67B400398B2E /* ChoosePackageViewController.m in Sources */ = {isa = PBXBuildFile; fileRef = F09B2052210D67B400398B2E /* ChoosePackageViewController.m */; };
		F09B2056210D742B00398B2E /* SubscriptionManager.m in Sources */ = {isa = PBXBuildFile; fileRef = F09B2055210D742B00398B2E /* SubscriptionManager.m */; };
		F09B2059210D7C9200398B2E /* PackageManager.mm in Sources */ = {isa = PBXBuildFile; fileRef = F09B2058210D7C9200398B2E /* PackageManager.mm */; };
		F09B205C210D7D3B00398B2E /* Package.mm in Sources */ = {isa = PBXBuildFile; fileRef = F09B205B210D7D3B00398B2E /* Package.mm */; };
		F0BA0906212AC97900A7F154 /* CrosswordViewController.m in Sources */ = {isa = PBXBuildFile; fileRef = F0BA0905212AC97900A7F154 /* CrosswordViewController.m */; };
		F0BA0909212ACBC200A7F154 /* CrosswordCell.m in Sources */ = {isa = PBXBuildFile; fileRef = F0BA0908212ACBC200A7F154 /* CrosswordCell.m */; };
		F0BA090C212AD40F00A7F154 /* CrosswordLayout.m in Sources */ = {isa = PBXBuildFile; fileRef = F0BA090B212AD40F00A7F154 /* CrosswordLayout.m */; };
		F0C91BA4210C690000B06070 /* ProgressView.m in Sources */ = {isa = PBXBuildFile; fileRef = F0C91BA3210C690000B06070 /* ProgressView.m */; };
		F0DEE91C21660BDC0044DA44 /* StatisticsViewController.m in Sources */ = {isa = PBXBuildFile; fileRef = F0DEE91B21660BDC0044DA44 /* StatisticsViewController.m */; };
		F0DEE95F21661A8C0044DA44 /* Charts.framework in Frameworks */ = {isa = PBXBuildFile; fileRef = F0DEE95C21661A860044DA44 /* Charts.framework */; };
		F0DEE96021661A8C0044DA44 /* Charts.framework in Embed Frameworks */ = {isa = PBXBuildFile; fileRef = F0DEE95C21661A860044DA44 /* Charts.framework */; settings = {ATTRIBUTES = (CodeSignOnCopy, RemoveHeadersOnCopy, ); }; };
		F0DEE96A216791670044DA44 /* StoreViewController.m in Sources */ = {isa = PBXBuildFile; fileRef = F0DEE969216791670044DA44 /* StoreViewController.m */; };
		F0E7DE412252B7C600F8A4C5 /* StoreKit.framework in Frameworks */ = {isa = PBXBuildFile; fileRef = F0E7DE402252B7C600F8A4C5 /* StoreKit.framework */; };
		FD2197BB214110E900E6D396 /* KeyboardViewController.m in Sources */ = {isa = PBXBuildFile; fileRef = FD2197BA214110E900E6D396 /* KeyboardViewController.m */; };
		FD2197BF2142605200E6D396 /* KeyboardConfigs.m in Sources */ = {isa = PBXBuildFile; fileRef = FD2197BE2142605200E6D396 /* KeyboardConfigs.m */; };
		FD2197C3214AB59100E6D396 /* EmitterEffect.m in Sources */ = {isa = PBXBuildFile; fileRef = FD2197C2214AB59100E6D396 /* EmitterEffect.m */; };
		FD6CE9B3213E6D8B00A0E27A /* GameTableCell.m in Sources */ = {isa = PBXBuildFile; fileRef = FD6CE9B2213E6D8B00A0E27A /* GameTableCell.m */; };
		FD6ED59321382C3B00FCCAC7 /* DrawingCommon.m in Sources */ = {isa = PBXBuildFile; fileRef = FD6ED58F21382C3A00FCCAC7 /* DrawingCommon.m */; };
		FD6ED59421382C3B00FCCAC7 /* GlossyButton.m in Sources */ = {isa = PBXBuildFile; fileRef = FD6ED59021382C3A00FCCAC7 /* GlossyButton.m */; };
		FDCD521921084C860081FE4D /* AppDelegate.m in Sources */ = {isa = PBXBuildFile; fileRef = FDCD521821084C860081FE4D /* AppDelegate.m */; };
		FDCD521C21084C860081FE4D /* MainViewController.m in Sources */ = {isa = PBXBuildFile; fileRef = FDCD521B21084C860081FE4D /* MainViewController.m */; };
		FDCD521F21084C860081FE4D /* Main.storyboard in Resources */ = {isa = PBXBuildFile; fileRef = FDCD521D21084C860081FE4D /* Main.storyboard */; };
		FDCD522121084C880081FE4D /* Assets.xcassets in Resources */ = {isa = PBXBuildFile; fileRef = FDCD522021084C880081FE4D /* Assets.xcassets */; };
		FDCD522421084C880081FE4D /* LaunchScreen.storyboard in Resources */ = {isa = PBXBuildFile; fileRef = FDCD522221084C880081FE4D /* LaunchScreen.storyboard */; };
		FDCD522721084C880081FE4D /* main.m in Sources */ = {isa = PBXBuildFile; fileRef = FDCD522621084C880081FE4D /* main.m */; };
		FDCD5277210855B90081FE4D /* cw.framework in Frameworks */ = {isa = PBXBuildFile; fileRef = FDCD5275210855AC0081FE4D /* cw.framework */; };
		FDCD5278210855B90081FE4D /* cw.framework in Embed Frameworks */ = {isa = PBXBuildFile; fileRef = FDCD5275210855AC0081FE4D /* cw.framework */; settings = {ATTRIBUTES = (CodeSignOnCopy, RemoveHeadersOnCopy, ); }; };
		FDCD5279210855B90081FE4D /* adb.framework in Frameworks */ = {isa = PBXBuildFile; fileRef = FDCD5273210855AC0081FE4D /* adb.framework */; };
		FDCD527A210855B90081FE4D /* adb.framework in Embed Frameworks */ = {isa = PBXBuildFile; fileRef = FDCD5273210855AC0081FE4D /* adb.framework */; settings = {ATTRIBUTES = (CodeSignOnCopy, RemoveHeadersOnCopy, ); }; };
		FDCD52802108682C0081FE4D /* AnkiDownloadViewController.m in Sources */ = {isa = PBXBuildFile; fileRef = FDCD527F2108682C0081FE4D /* AnkiDownloadViewController.m */; };
		FDCD52862109A6030081FE4D /* WebKit.framework in Frameworks */ = {isa = PBXBuildFile; fileRef = FDCD52852109A6030081FE4D /* WebKit.framework */; };
		FDCD52B92112DB070081FE4D /* CWConfiguratorViewController.m in Sources */ = {isa = PBXBuildFile; fileRef = FDCD52B82112DB070081FE4D /* CWConfiguratorViewController.m */; };
		FDCD52C321142FC70081FE4D /* CWGeneratorViewController.m in Sources */ = {isa = PBXBuildFile; fileRef = FDCD52C221142FC70081FE4D /* CWGeneratorViewController.m */; };
		FDDAA330212EA06A000365EF /* PackageSectionHeaderCell.m in Sources */ = {isa = PBXBuildFile; fileRef = FDDAA32F212EA06A000365EF /* PackageSectionHeaderCell.m */; };
/* End PBXBuildFile section */

/* Begin PBXContainerItemProxy section */
		F0DEE95B21661A860044DA44 /* PBXContainerItemProxy */ = {
			isa = PBXContainerItemProxy;
			containerPortal = F0DEE95621661A860044DA44 /* Charts.xcodeproj */;
			proxyType = 2;
			remoteGlobalIDString = 65AD9E95D9ED4DC0BD73A743;
			remoteInfo = Charts;
		};
		F0DEE95D21661A860044DA44 /* PBXContainerItemProxy */ = {
			isa = PBXContainerItemProxy;
			containerPortal = F0DEE95621661A860044DA44 /* Charts.xcodeproj */;
			proxyType = 2;
			remoteGlobalIDString = 1CBBC58C6CE1EBEE9852CE41;
			remoteInfo = ChartsTests;
		};
		F0DEE96121661A8C0044DA44 /* PBXContainerItemProxy */ = {
			isa = PBXContainerItemProxy;
			containerPortal = F0DEE95621661A860044DA44 /* Charts.xcodeproj */;
			proxyType = 1;
			remoteGlobalIDString = A58A4ED274A941CA248EA921;
			remoteInfo = Charts;
		};
/* End PBXContainerItemProxy section */

/* Begin PBXCopyFilesBuildPhase section */
		FDCD527B210855BA0081FE4D /* Embed Frameworks */ = {
			isa = PBXCopyFilesBuildPhase;
			buildActionMask = 2147483647;
			dstPath = "";
			dstSubfolderSpec = 10;
			files = (
				F0DEE96021661A8C0044DA44 /* Charts.framework in Embed Frameworks */,
				FDCD527A210855B90081FE4D /* adb.framework in Embed Frameworks */,
				FDCD5278210855B90081FE4D /* cw.framework in Embed Frameworks */,
			);
			name = "Embed Frameworks";
			runOnlyForDeploymentPostprocessing = 0;
		};
/* End PBXCopyFilesBuildPhase section */

/* Begin PBXFileReference section */
		F019C31A217348BA00F83F3B /* Security.framework */ = {isa = PBXFileReference; lastKnownFileType = wrapper.framework; name = Security.framework; path = System/Library/Frameworks/Security.framework; sourceTree = SDKROOT; };
		F063993F2288662400DD12D1 /* considerations.html */ = {isa = PBXFileReference; fileEncoding = 4; lastKnownFileType = text.html; name = considerations.html; path = ../../docs/considerations.html; sourceTree = "<group>"; };
		F063994222886DAD00DD12D1 /* privacy_policy.html */ = {isa = PBXFileReference; fileEncoding = 4; lastKnownFileType = text.html; name = privacy_policy.html; path = ../../docs/privacy_policy.html; sourceTree = "<group>"; };
		F063994322886DAE00DD12D1 /* terms_of_use.html */ = {isa = PBXFileReference; fileEncoding = 4; lastKnownFileType = text.html; name = terms_of_use.html; path = ../../docs/terms_of_use.html; sourceTree = "<group>"; };
		F086ACE922EA0B8E003BBA88 /* NetPackConfig.h */ = {isa = PBXFileReference; lastKnownFileType = sourcecode.c.h; path = NetPackConfig.h; sourceTree = "<group>"; };
		F086ACEA22EA0B8E003BBA88 /* NetPackConfig.mm */ = {isa = PBXFileReference; lastKnownFileType = sourcecode.cpp.objcpp; path = NetPackConfig.mm; sourceTree = "<group>"; };
		F086ACED22EADB10003BBA88 /* libminizip.a */ = {isa = PBXFileReference; explicitFileType = archive.ar; path = libminizip.a; sourceTree = BUILT_PRODUCTS_DIR; };
		F086ACEF22EB09B1003BBA88 /* libFlurry_9.3.1.a */ = {isa = PBXFileReference; lastKnownFileType = archive.ar; name = libFlurry_9.3.1.a; path = ../flurry/libFlurry_9.3.1.a; sourceTree = "<group>"; };
		F086ACF122EB0E0C003BBA88 /* SystemConfiguration.framework */ = {isa = PBXFileReference; lastKnownFileType = wrapper.framework; name = SystemConfiguration.framework; path = System/Library/Frameworks/SystemConfiguration.framework; sourceTree = SDKROOT; };
		F092DB1D210CA5AA006B4DC6 /* Downloader.h */ = {isa = PBXFileReference; lastKnownFileType = sourcecode.c.h; path = Downloader.h; sourceTree = "<group>"; };
		F092DB1E210CA5AA006B4DC6 /* Downloader.m */ = {isa = PBXFileReference; lastKnownFileType = sourcecode.c.objc; path = Downloader.m; sourceTree = "<group>"; };
		F09B2051210D67B400398B2E /* ChoosePackageViewController.h */ = {isa = PBXFileReference; lastKnownFileType = sourcecode.c.h; path = ChoosePackageViewController.h; sourceTree = "<group>"; };
		F09B2052210D67B400398B2E /* ChoosePackageViewController.m */ = {isa = PBXFileReference; lastKnownFileType = sourcecode.c.objc; path = ChoosePackageViewController.m; sourceTree = "<group>"; };
		F09B2054210D742B00398B2E /* SubscriptionManager.h */ = {isa = PBXFileReference; lastKnownFileType = sourcecode.c.h; path = SubscriptionManager.h; sourceTree = "<group>"; };
		F09B2055210D742B00398B2E /* SubscriptionManager.m */ = {isa = PBXFileReference; lastKnownFileType = sourcecode.c.objc; path = SubscriptionManager.m; sourceTree = "<group>"; };
		F09B2057210D7C9200398B2E /* PackageManager.h */ = {isa = PBXFileReference; lastKnownFileType = sourcecode.c.h; path = PackageManager.h; sourceTree = "<group>"; };
		F09B2058210D7C9200398B2E /* PackageManager.mm */ = {isa = PBXFileReference; lastKnownFileType = sourcecode.cpp.objcpp; path = PackageManager.mm; sourceTree = "<group>"; };
		F09B205A210D7D3B00398B2E /* Package.h */ = {isa = PBXFileReference; lastKnownFileType = sourcecode.c.h; path = Package.h; sourceTree = "<group>"; };
		F09B205B210D7D3B00398B2E /* Package.mm */ = {isa = PBXFileReference; lastKnownFileType = sourcecode.cpp.objcpp; path = Package.mm; sourceTree = "<group>"; };
		F0BA0904212AC97900A7F154 /* CrosswordViewController.h */ = {isa = PBXFileReference; lastKnownFileType = sourcecode.c.h; path = CrosswordViewController.h; sourceTree = "<group>"; };
		F0BA0905212AC97900A7F154 /* CrosswordViewController.m */ = {isa = PBXFileReference; lastKnownFileType = sourcecode.c.objc; path = CrosswordViewController.m; sourceTree = "<group>"; };
		F0BA0907212ACBC200A7F154 /* CrosswordCell.h */ = {isa = PBXFileReference; lastKnownFileType = sourcecode.c.h; path = CrosswordCell.h; sourceTree = "<group>"; };
		F0BA0908212ACBC200A7F154 /* CrosswordCell.m */ = {isa = PBXFileReference; lastKnownFileType = sourcecode.c.objc; path = CrosswordCell.m; sourceTree = "<group>"; };
		F0BA090A212AD40F00A7F154 /* CrosswordLayout.h */ = {isa = PBXFileReference; lastKnownFileType = sourcecode.c.h; path = CrosswordLayout.h; sourceTree = "<group>"; };
		F0BA090B212AD40F00A7F154 /* CrosswordLayout.m */ = {isa = PBXFileReference; lastKnownFileType = sourcecode.c.objc; path = CrosswordLayout.m; sourceTree = "<group>"; };
		F0C91BA2210C690000B06070 /* ProgressView.h */ = {isa = PBXFileReference; lastKnownFileType = sourcecode.c.h; path = ProgressView.h; sourceTree = "<group>"; };
		F0C91BA3210C690000B06070 /* ProgressView.m */ = {isa = PBXFileReference; lastKnownFileType = sourcecode.c.objc; path = ProgressView.m; sourceTree = "<group>"; };
		F0DEE91A21660BDC0044DA44 /* StatisticsViewController.h */ = {isa = PBXFileReference; lastKnownFileType = sourcecode.c.h; path = StatisticsViewController.h; sourceTree = "<group>"; };
		F0DEE91B21660BDC0044DA44 /* StatisticsViewController.m */ = {isa = PBXFileReference; lastKnownFileType = sourcecode.c.objc; path = StatisticsViewController.m; sourceTree = "<group>"; };
		F0DEE95621661A860044DA44 /* Charts.xcodeproj */ = {isa = PBXFileReference; lastKnownFileType = "wrapper.pb-project"; name = Charts.xcodeproj; path = ../Charts/Charts.xcodeproj; sourceTree = "<group>"; };
		F0DEE968216791670044DA44 /* StoreViewController.h */ = {isa = PBXFileReference; lastKnownFileType = sourcecode.c.h; path = StoreViewController.h; sourceTree = "<group>"; };
		F0DEE969216791670044DA44 /* StoreViewController.m */ = {isa = PBXFileReference; lastKnownFileType = sourcecode.c.objc; path = StoreViewController.m; sourceTree = "<group>"; };
		F0E7DE402252B7C600F8A4C5 /* StoreKit.framework */ = {isa = PBXFileReference; lastKnownFileType = wrapper.framework; name = StoreKit.framework; path = System/Library/Frameworks/StoreKit.framework; sourceTree = SDKROOT; };
		FD2197B9214110E900E6D396 /* KeyboardViewController.h */ = {isa = PBXFileReference; lastKnownFileType = sourcecode.c.h; path = KeyboardViewController.h; sourceTree = "<group>"; };
		FD2197BA214110E900E6D396 /* KeyboardViewController.m */ = {isa = PBXFileReference; lastKnownFileType = sourcecode.c.objc; path = KeyboardViewController.m; sourceTree = "<group>"; };
		FD2197BE2142605200E6D396 /* KeyboardConfigs.m */ = {isa = PBXFileReference; lastKnownFileType = sourcecode.c.objc; path = KeyboardConfigs.m; sourceTree = "<group>"; };
		FD2197C02142606100E6D396 /* KeyboardConfigs.h */ = {isa = PBXFileReference; lastKnownFileType = sourcecode.c.h; path = KeyboardConfigs.h; sourceTree = "<group>"; };
		FD2197C1214AB59100E6D396 /* EmitterEffect.h */ = {isa = PBXFileReference; lastKnownFileType = sourcecode.c.h; path = EmitterEffect.h; sourceTree = "<group>"; };
		FD2197C2214AB59100E6D396 /* EmitterEffect.m */ = {isa = PBXFileReference; lastKnownFileType = sourcecode.c.objc; path = EmitterEffect.m; sourceTree = "<group>"; };
		FD6CE9B1213E6D8B00A0E27A /* GameTableCell.h */ = {isa = PBXFileReference; lastKnownFileType = sourcecode.c.h; path = GameTableCell.h; sourceTree = "<group>"; };
		FD6CE9B2213E6D8B00A0E27A /* GameTableCell.m */ = {isa = PBXFileReference; lastKnownFileType = sourcecode.c.objc; path = GameTableCell.m; sourceTree = "<group>"; };
		FD6ED58F21382C3A00FCCAC7 /* DrawingCommon.m */ = {isa = PBXFileReference; fileEncoding = 4; lastKnownFileType = sourcecode.c.objc; path = DrawingCommon.m; sourceTree = "<group>"; };
		FD6ED59021382C3A00FCCAC7 /* GlossyButton.m */ = {isa = PBXFileReference; fileEncoding = 4; lastKnownFileType = sourcecode.c.objc; path = GlossyButton.m; sourceTree = "<group>"; };
		FD6ED59121382C3B00FCCAC7 /* DrawingCommon.h */ = {isa = PBXFileReference; fileEncoding = 4; lastKnownFileType = sourcecode.c.h; path = DrawingCommon.h; sourceTree = "<group>"; };
		FD6ED59221382C3B00FCCAC7 /* GlossyButton.h */ = {isa = PBXFileReference; fileEncoding = 4; lastKnownFileType = sourcecode.c.h; path = GlossyButton.h; sourceTree = "<group>"; };
		FDCD521421084C860081FE4D /* acwios.app */ = {isa = PBXFileReference; explicitFileType = wrapper.application; includeInIndex = 0; path = acwios.app; sourceTree = BUILT_PRODUCTS_DIR; };
		FDCD521721084C860081FE4D /* AppDelegate.h */ = {isa = PBXFileReference; lastKnownFileType = sourcecode.c.h; path = AppDelegate.h; sourceTree = "<group>"; };
		FDCD521821084C860081FE4D /* AppDelegate.m */ = {isa = PBXFileReference; lastKnownFileType = sourcecode.c.objc; path = AppDelegate.m; sourceTree = "<group>"; };
		FDCD521A21084C860081FE4D /* MainViewController.h */ = {isa = PBXFileReference; lastKnownFileType = sourcecode.c.h; path = MainViewController.h; sourceTree = "<group>"; };
		FDCD521B21084C860081FE4D /* MainViewController.m */ = {isa = PBXFileReference; lastKnownFileType = sourcecode.c.objc; path = MainViewController.m; sourceTree = "<group>"; };
		FDCD521E21084C860081FE4D /* Base */ = {isa = PBXFileReference; lastKnownFileType = file.storyboard; name = Base; path = Base.lproj/Main.storyboard; sourceTree = "<group>"; };
		FDCD522021084C880081FE4D /* Assets.xcassets */ = {isa = PBXFileReference; lastKnownFileType = folder.assetcatalog; path = Assets.xcassets; sourceTree = "<group>"; };
		FDCD522321084C880081FE4D /* Base */ = {isa = PBXFileReference; lastKnownFileType = file.storyboard; name = Base; path = Base.lproj/LaunchScreen.storyboard; sourceTree = "<group>"; };
		FDCD522521084C880081FE4D /* Info.plist */ = {isa = PBXFileReference; lastKnownFileType = text.plist.xml; path = Info.plist; sourceTree = "<group>"; };
		FDCD522621084C880081FE4D /* main.m */ = {isa = PBXFileReference; lastKnownFileType = sourcecode.c.objc; path = main.m; sourceTree = "<group>"; };
		FDCD5273210855AC0081FE4D /* adb.framework */ = {isa = PBXFileReference; explicitFileType = wrapper.framework; path = adb.framework; sourceTree = BUILT_PRODUCTS_DIR; };
		FDCD5275210855AC0081FE4D /* cw.framework */ = {isa = PBXFileReference; explicitFileType = wrapper.framework; path = cw.framework; sourceTree = BUILT_PRODUCTS_DIR; };
		FDCD527E2108682C0081FE4D /* AnkiDownloadViewController.h */ = {isa = PBXFileReference; lastKnownFileType = sourcecode.c.h; path = AnkiDownloadViewController.h; sourceTree = "<group>"; };
		FDCD527F2108682C0081FE4D /* AnkiDownloadViewController.m */ = {isa = PBXFileReference; lastKnownFileType = sourcecode.c.objc; path = AnkiDownloadViewController.m; sourceTree = "<group>"; };
		FDCD52852109A6030081FE4D /* WebKit.framework */ = {isa = PBXFileReference; lastKnownFileType = wrapper.framework; name = WebKit.framework; path = System/Library/Frameworks/WebKit.framework; sourceTree = SDKROOT; };
		FDCD52B72112DB070081FE4D /* CWConfiguratorViewController.h */ = {isa = PBXFileReference; lastKnownFileType = sourcecode.c.h; path = CWConfiguratorViewController.h; sourceTree = "<group>"; };
		FDCD52B82112DB070081FE4D /* CWConfiguratorViewController.m */ = {isa = PBXFileReference; lastKnownFileType = sourcecode.c.objc; path = CWConfiguratorViewController.m; sourceTree = "<group>"; };
		FDCD52C121142FC70081FE4D /* CWGeneratorViewController.h */ = {isa = PBXFileReference; lastKnownFileType = sourcecode.c.h; path = CWGeneratorViewController.h; sourceTree = "<group>"; };
		FDCD52C221142FC70081FE4D /* CWGeneratorViewController.m */ = {isa = PBXFileReference; lastKnownFileType = sourcecode.c.objc; path = CWGeneratorViewController.m; sourceTree = "<group>"; };
		FDDAA32E212EA06A000365EF /* PackageSectionHeaderCell.h */ = {isa = PBXFileReference; lastKnownFileType = sourcecode.c.h; path = PackageSectionHeaderCell.h; sourceTree = "<group>"; };
		FDDAA32F212EA06A000365EF /* PackageSectionHeaderCell.m */ = {isa = PBXFileReference; lastKnownFileType = sourcecode.c.objc; path = PackageSectionHeaderCell.m; sourceTree = "<group>"; };
/* End PBXFileReference section */

/* Begin PBXFrameworksBuildPhase section */
		FDCD521121084C860081FE4D /* Frameworks */ = {
			isa = PBXFrameworksBuildPhase;
			buildActionMask = 2147483647;
			files = (
				F086ACF222EB0E0D003BBA88 /* SystemConfiguration.framework in Frameworks */,
				F086ACF022EB09B1003BBA88 /* libFlurry_9.3.1.a in Frameworks */,
				F086ACEE22EADB10003BBA88 /* libminizip.a in Frameworks */,
				FDCD52862109A6030081FE4D /* WebKit.framework in Frameworks */,
				F0DEE95F21661A8C0044DA44 /* Charts.framework in Frameworks */,
				F0E7DE412252B7C600F8A4C5 /* StoreKit.framework in Frameworks */,
				FDCD5279210855B90081FE4D /* adb.framework in Frameworks */,
				FDCD5277210855B90081FE4D /* cw.framework in Frameworks */,
			);
			runOnlyForDeploymentPostprocessing = 0;
		};
/* End PBXFrameworksBuildPhase section */

/* Begin PBXGroup section */
		F0DEE91921660BA20044DA44 /* StatisticsView */ = {
			isa = PBXGroup;
			children = (
				F0DEE91A21660BDC0044DA44 /* StatisticsViewController.h */,
				F0DEE91B21660BDC0044DA44 /* StatisticsViewController.m */,
			);
			name = StatisticsView;
			sourceTree = "<group>";
		};
		F0DEE95721661A860044DA44 /* Products */ = {
			isa = PBXGroup;
			children = (
				F0DEE95C21661A860044DA44 /* Charts.framework */,
				F0DEE95E21661A860044DA44 /* ChartsTests.xctest */,
			);
			name = Products;
			sourceTree = "<group>";
		};
		F0DEE9662167914A0044DA44 /* StoreView */ = {
			isa = PBXGroup;
			children = (
				F063994222886DAD00DD12D1 /* privacy_policy.html */,
				F063994322886DAE00DD12D1 /* terms_of_use.html */,
				F063993F2288662400DD12D1 /* considerations.html */,
				F0DEE968216791670044DA44 /* StoreViewController.h */,
				F0DEE969216791670044DA44 /* StoreViewController.m */,
			);
			name = StoreView;
			sourceTree = "<group>";
		};
		FD2197BC21425BF000E6D396 /* Keyboard */ = {
			isa = PBXGroup;
			children = (
				FD2197B9214110E900E6D396 /* KeyboardViewController.h */,
				FD2197BA214110E900E6D396 /* KeyboardViewController.m */,
				FD2197C02142606100E6D396 /* KeyboardConfigs.h */,
				FD2197BE2142605200E6D396 /* KeyboardConfigs.m */,
			);
			name = Keyboard;
			sourceTree = "<group>";
		};
		FD6ED58E21382C1100FCCAC7 /* UIClasses */ = {
			isa = PBXGroup;
			children = (
				FD6ED59121382C3B00FCCAC7 /* DrawingCommon.h */,
				FD6ED58F21382C3A00FCCAC7 /* DrawingCommon.m */,
				FD6ED59221382C3B00FCCAC7 /* GlossyButton.h */,
				FD6ED59021382C3A00FCCAC7 /* GlossyButton.m */,
				F0C91BA2210C690000B06070 /* ProgressView.h */,
				F0C91BA3210C690000B06070 /* ProgressView.m */,
				FD6CE9B1213E6D8B00A0E27A /* GameTableCell.h */,
				FD6CE9B2213E6D8B00A0E27A /* GameTableCell.m */,
				FD2197C1214AB59100E6D396 /* EmitterEffect.h */,
				FD2197C2214AB59100E6D396 /* EmitterEffect.m */,
			);
			name = UIClasses;
			sourceTree = "<group>";
		};
		FD6ED595213E6A5100FCCAC7 /* ChooseCrosswordView */ = {
			isa = PBXGroup;
			children = (
				FDCD52B72112DB070081FE4D /* CWConfiguratorViewController.h */,
				FDCD52B82112DB070081FE4D /* CWConfiguratorViewController.m */,
			);
			name = ChooseCrosswordView;
			sourceTree = "<group>";
		};
		FDC84E88213E6BCF00449F71 /* BLL */ = {
			isa = PBXGroup;
			children = (
				F092DB1D210CA5AA006B4DC6 /* Downloader.h */,
				F092DB1E210CA5AA006B4DC6 /* Downloader.m */,
				F09B2054210D742B00398B2E /* SubscriptionManager.h */,
				F09B2055210D742B00398B2E /* SubscriptionManager.m */,
				F09B205A210D7D3B00398B2E /* Package.h */,
				F09B205B210D7D3B00398B2E /* Package.mm */,
				F09B2057210D7C9200398B2E /* PackageManager.h */,
				F09B2058210D7C9200398B2E /* PackageManager.mm */,
				F086ACE922EA0B8E003BBA88 /* NetPackConfig.h */,
				F086ACEA22EA0B8E003BBA88 /* NetPackConfig.mm */,
			);
			name = BLL;
			sourceTree = "<group>";
		};
		FDCD520B21084C860081FE4D = {
			isa = PBXGroup;
			children = (
				F0DEE95621661A860044DA44 /* Charts.xcodeproj */,
				FDCD521621084C860081FE4D /* acwios */,
				FDCD521521084C860081FE4D /* Products */,
				FDCD5272210855AC0081FE4D /* Frameworks */,
			);
			sourceTree = "<group>";
		};
		FDCD521521084C860081FE4D /* Products */ = {
			isa = PBXGroup;
			children = (
				FDCD521421084C860081FE4D /* acwios.app */,
			);
			name = Products;
			sourceTree = "<group>";
		};
		FDCD521621084C860081FE4D /* acwios */ = {
			isa = PBXGroup;
			children = (
				F0DEE9662167914A0044DA44 /* StoreView */,
				F0DEE91921660BA20044DA44 /* StatisticsView */,
				FD2197BC21425BF000E6D396 /* Keyboard */,
				FDC84E88213E6BCF00449F71 /* BLL */,
				FD6ED58E21382C1100FCCAC7 /* UIClasses */,
				FDDAA329212E9EA3000365EF /* CrosswordView */,
				FDDAA334212EB75F000365EF /* ChoosePackageView */,
				FD6ED595213E6A5100FCCAC7 /* ChooseCrosswordView */,
				FDCD521D21084C860081FE4D /* Main.storyboard */,
				FDCD522021084C880081FE4D /* Assets.xcassets */,
				FDCD522221084C880081FE4D /* LaunchScreen.storyboard */,
				FDCD522521084C880081FE4D /* Info.plist */,
				FDCD522621084C880081FE4D /* main.m */,
				FDCD521721084C860081FE4D /* AppDelegate.h */,
				FDCD521821084C860081FE4D /* AppDelegate.m */,
				FDCD521A21084C860081FE4D /* MainViewController.h */,
				FDCD521B21084C860081FE4D /* MainViewController.m */,
				FDCD527E2108682C0081FE4D /* AnkiDownloadViewController.h */,
				FDCD527F2108682C0081FE4D /* AnkiDownloadViewController.m */,
				FDCD52C121142FC70081FE4D /* CWGeneratorViewController.h */,
				FDCD52C221142FC70081FE4D /* CWGeneratorViewController.m */,
			);
			path = acwios;
			sourceTree = "<group>";
		};
		FDCD5272210855AC0081FE4D /* Frameworks */ = {
			isa = PBXGroup;
			children = (
				F086ACF122EB0E0C003BBA88 /* SystemConfiguration.framework */,
				F086ACEF22EB09B1003BBA88 /* libFlurry_9.3.1.a */,
				F086ACED22EADB10003BBA88 /* libminizip.a */,
				F0E7DE402252B7C600F8A4C5 /* StoreKit.framework */,
				F019C31A217348BA00F83F3B /* Security.framework */,
				FDCD52852109A6030081FE4D /* WebKit.framework */,
				FDCD5273210855AC0081FE4D /* adb.framework */,
				FDCD5275210855AC0081FE4D /* cw.framework */,
			);
			name = Frameworks;
			sourceTree = "<group>";
		};
		FDDAA329212E9EA3000365EF /* CrosswordView */ = {
			isa = PBXGroup;
			children = (
				F0BA0904212AC97900A7F154 /* CrosswordViewController.h */,
				F0BA0905212AC97900A7F154 /* CrosswordViewController.m */,
				F0BA0907212ACBC200A7F154 /* CrosswordCell.h */,
				F0BA0908212ACBC200A7F154 /* CrosswordCell.m */,
				F0BA090A212AD40F00A7F154 /* CrosswordLayout.h */,
				F0BA090B212AD40F00A7F154 /* CrosswordLayout.m */,
			);
			name = CrosswordView;
			sourceTree = "<group>";
		};
		FDDAA334212EB75F000365EF /* ChoosePackageView */ = {
			isa = PBXGroup;
			children = (
				F09B2051210D67B400398B2E /* ChoosePackageViewController.h */,
				F09B2052210D67B400398B2E /* ChoosePackageViewController.m */,
				FDDAA32E212EA06A000365EF /* PackageSectionHeaderCell.h */,
				FDDAA32F212EA06A000365EF /* PackageSectionHeaderCell.m */,
			);
			name = ChoosePackageView;
			sourceTree = "<group>";
		};
/* End PBXGroup section */

/* Begin PBXNativeTarget section */
		FDCD521321084C860081FE4D /* acwios */ = {
			isa = PBXNativeTarget;
			buildConfigurationList = FDCD522A21084C880081FE4D /* Build configuration list for PBXNativeTarget "acwios" */;
			buildPhases = (
				FDCD521021084C860081FE4D /* Sources */,
				FDCD521121084C860081FE4D /* Frameworks */,
				FDCD521221084C860081FE4D /* Resources */,
				FDCD527B210855BA0081FE4D /* Embed Frameworks */,
			);
			buildRules = (
			);
			dependencies = (
				F0DEE96221661A8C0044DA44 /* PBXTargetDependency */,
			);
			name = acwios;
			productName = acwios;
			productReference = FDCD521421084C860081FE4D /* acwios.app */;
			productType = "com.apple.product-type.application";
		};
/* End PBXNativeTarget section */

/* Begin PBXProject section */
		FDCD520C21084C860081FE4D /* Project object */ = {
			isa = PBXProject;
			attributes = {
				LastUpgradeCheck = 0940;
				ORGANIZATIONNAME = ZApp;
				TargetAttributes = {
					FDCD521321084C860081FE4D = {
						CreatedOnToolsVersion = 9.4.1;
						SystemCapabilities = {
							com.apple.InAppPurchase = {
								enabled = 1;
							};
						};
					};
				};
			};
			buildConfigurationList = FDCD520F21084C860081FE4D /* Build configuration list for PBXProject "acwios" */;
			compatibilityVersion = "Xcode 9.3";
			developmentRegion = en;
			hasScannedForEncodings = 0;
			knownRegions = (
				en,
				Base,
			);
			mainGroup = FDCD520B21084C860081FE4D;
			productRefGroup = FDCD521521084C860081FE4D /* Products */;
			projectDirPath = "";
			projectReferences = (
				{
					ProductGroup = F0DEE95721661A860044DA44 /* Products */;
					ProjectRef = F0DEE95621661A860044DA44 /* Charts.xcodeproj */;
				},
			);
			projectRoot = "";
			targets = (
				FDCD521321084C860081FE4D /* acwios */,
			);
		};
/* End PBXProject section */

/* Begin PBXReferenceProxy section */
		F0DEE95C21661A860044DA44 /* Charts.framework */ = {
			isa = PBXReferenceProxy;
			fileType = wrapper.framework;
			path = Charts.framework;
			remoteRef = F0DEE95B21661A860044DA44 /* PBXContainerItemProxy */;
			sourceTree = BUILT_PRODUCTS_DIR;
		};
		F0DEE95E21661A860044DA44 /* ChartsTests.xctest */ = {
			isa = PBXReferenceProxy;
			fileType = wrapper.cfbundle;
			path = ChartsTests.xctest;
			remoteRef = F0DEE95D21661A860044DA44 /* PBXContainerItemProxy */;
			sourceTree = BUILT_PRODUCTS_DIR;
		};
/* End PBXReferenceProxy section */

/* Begin PBXResourcesBuildPhase section */
		FDCD521221084C860081FE4D /* Resources */ = {
			isa = PBXResourcesBuildPhase;
			buildActionMask = 2147483647;
			files = (
				FDCD522421084C880081FE4D /* LaunchScreen.storyboard in Resources */,
				F063994522886DAE00DD12D1 /* terms_of_use.html in Resources */,
				F063994422886DAE00DD12D1 /* privacy_policy.html in Resources */,
				FDCD522121084C880081FE4D /* Assets.xcassets in Resources */,
				FDCD521F21084C860081FE4D /* Main.storyboard in Resources */,
				F06399412288662400DD12D1 /* considerations.html in Resources */,
			);
			runOnlyForDeploymentPostprocessing = 0;
		};
/* End PBXResourcesBuildPhase section */

/* Begin PBXSourcesBuildPhase section */
		FDCD521021084C860081FE4D /* Sources */ = {
			isa = PBXSourcesBuildPhase;
			buildActionMask = 2147483647;
			files = (
				F0BA090C212AD40F00A7F154 /* CrosswordLayout.m in Sources */,
				FD6ED59321382C3B00FCCAC7 /* DrawingCommon.m in Sources */,
				F09B2056210D742B00398B2E /* SubscriptionManager.m in Sources */,
				FD2197BB214110E900E6D396 /* KeyboardViewController.m in Sources */,
				FDCD521C21084C860081FE4D /* MainViewController.m in Sources */,
				FD2197C3214AB59100E6D396 /* EmitterEffect.m in Sources */,
				F09B205C210D7D3B00398B2E /* Package.mm in Sources */,
				F0C91BA4210C690000B06070 /* ProgressView.m in Sources */,
				FDCD52B92112DB070081FE4D /* CWConfiguratorViewController.m in Sources */,
				F0BA0906212AC97900A7F154 /* CrosswordViewController.m in Sources */,
				FD6ED59421382C3B00FCCAC7 /* GlossyButton.m in Sources */,
				F0BA0909212ACBC200A7F154 /* CrosswordCell.m in Sources */,
				FD6CE9B3213E6D8B00A0E27A /* GameTableCell.m in Sources */,
				F092DB1F210CA5AA006B4DC6 /* Downloader.m in Sources */,
				FD2197BF2142605200E6D396 /* KeyboardConfigs.m in Sources */,
				FDCD52802108682C0081FE4D /* AnkiDownloadViewController.m in Sources */,
				F09B2053210D67B400398B2E /* ChoosePackageViewController.m in Sources */,
				FDCD522721084C880081FE4D /* main.m in Sources */,
				F0DEE91C21660BDC0044DA44 /* StatisticsViewController.m in Sources */,
				FDCD521921084C860081FE4D /* AppDelegate.m in Sources */,
				F086ACEB22EA0B8E003BBA88 /* NetPackConfig.mm in Sources */,
				F0DEE96A216791670044DA44 /* StoreViewController.m in Sources */,
				FDCD52C321142FC70081FE4D /* CWGeneratorViewController.m in Sources */,
				F09B2059210D7C9200398B2E /* PackageManager.mm in Sources */,
				FDDAA330212EA06A000365EF /* PackageSectionHeaderCell.m in Sources */,
			);
			runOnlyForDeploymentPostprocessing = 0;
		};
/* End PBXSourcesBuildPhase section */

/* Begin PBXTargetDependency section */
		F0DEE96221661A8C0044DA44 /* PBXTargetDependency */ = {
			isa = PBXTargetDependency;
			name = Charts;
			targetProxy = F0DEE96121661A8C0044DA44 /* PBXContainerItemProxy */;
		};
/* End PBXTargetDependency section */

/* Begin PBXVariantGroup section */
		FDCD521D21084C860081FE4D /* Main.storyboard */ = {
			isa = PBXVariantGroup;
			children = (
				FDCD521E21084C860081FE4D /* Base */,
			);
			name = Main.storyboard;
			sourceTree = "<group>";
		};
		FDCD522221084C880081FE4D /* LaunchScreen.storyboard */ = {
			isa = PBXVariantGroup;
			children = (
				FDCD522321084C880081FE4D /* Base */,
			);
			name = LaunchScreen.storyboard;
			sourceTree = "<group>";
		};
/* End PBXVariantGroup section */

/* Begin XCBuildConfiguration section */
		FDCD522821084C880081FE4D /* Debug */ = {
			isa = XCBuildConfiguration;
			buildSettings = {
				ALWAYS_SEARCH_USER_PATHS = NO;
				CLANG_ANALYZER_NONNULL = YES;
				CLANG_ANALYZER_NUMBER_OBJECT_CONVERSION = YES_AGGRESSIVE;
				CLANG_CXX_LANGUAGE_STANDARD = "gnu++14";
				CLANG_CXX_LIBRARY = "libc++";
				CLANG_ENABLE_MODULES = YES;
				CLANG_ENABLE_OBJC_ARC = YES;
				CLANG_ENABLE_OBJC_WEAK = YES;
				CLANG_WARN_BLOCK_CAPTURE_AUTORELEASING = YES;
				CLANG_WARN_BOOL_CONVERSION = YES;
				CLANG_WARN_COMMA = YES;
				CLANG_WARN_CONSTANT_CONVERSION = YES;
				CLANG_WARN_DEPRECATED_OBJC_IMPLEMENTATIONS = YES;
				CLANG_WARN_DIRECT_OBJC_ISA_USAGE = YES_ERROR;
				CLANG_WARN_DOCUMENTATION_COMMENTS = YES;
				CLANG_WARN_EMPTY_BODY = YES;
				CLANG_WARN_ENUM_CONVERSION = YES;
				CLANG_WARN_INFINITE_RECURSION = YES;
				CLANG_WARN_INT_CONVERSION = YES;
				CLANG_WARN_NON_LITERAL_NULL_CONVERSION = YES;
				CLANG_WARN_OBJC_IMPLICIT_RETAIN_SELF = YES;
				CLANG_WARN_OBJC_LITERAL_CONVERSION = YES;
				CLANG_WARN_OBJC_ROOT_CLASS = YES_ERROR;
				CLANG_WARN_RANGE_LOOP_ANALYSIS = YES;
				CLANG_WARN_STRICT_PROTOTYPES = YES;
				CLANG_WARN_SUSPICIOUS_MOVE = YES;
				CLANG_WARN_UNGUARDED_AVAILABILITY = YES_AGGRESSIVE;
				CLANG_WARN_UNREACHABLE_CODE = YES;
				CLANG_WARN__DUPLICATE_METHOD_MATCH = YES;
				CODE_SIGN_IDENTITY = "iPhone Developer";
				COPY_PHASE_STRIP = NO;
				DEBUG_INFORMATION_FORMAT = dwarf;
				ENABLE_STRICT_OBJC_MSGSEND = YES;
				ENABLE_TESTABILITY = YES;
				GCC_C_LANGUAGE_STANDARD = gnu11;
				GCC_DYNAMIC_NO_PIC = NO;
				GCC_NO_COMMON_BLOCKS = YES;
				GCC_OPTIMIZATION_LEVEL = 0;
				GCC_PREPROCESSOR_DEFINITIONS = (
					"DEBUG=1",
					"$(inherited)",
				);
				GCC_WARN_64_TO_32_BIT_CONVERSION = YES;
				GCC_WARN_ABOUT_RETURN_TYPE = YES_ERROR;
				GCC_WARN_UNDECLARED_SELECTOR = YES;
				GCC_WARN_UNINITIALIZED_AUTOS = YES_AGGRESSIVE;
				GCC_WARN_UNUSED_FUNCTION = YES;
				GCC_WARN_UNUSED_VARIABLE = YES;
				IPHONEOS_DEPLOYMENT_TARGET = 11.4;
				MTL_ENABLE_DEBUG_INFO = YES;
				ONLY_ACTIVE_ARCH = YES;
				SDKROOT = iphoneos;
			};
			name = Debug;
		};
		FDCD522921084C880081FE4D /* Release */ = {
			isa = XCBuildConfiguration;
			buildSettings = {
				ALWAYS_SEARCH_USER_PATHS = NO;
				CLANG_ANALYZER_NONNULL = YES;
				CLANG_ANALYZER_NUMBER_OBJECT_CONVERSION = YES_AGGRESSIVE;
				CLANG_CXX_LANGUAGE_STANDARD = "gnu++14";
				CLANG_CXX_LIBRARY = "libc++";
				CLANG_ENABLE_MODULES = YES;
				CLANG_ENABLE_OBJC_ARC = YES;
				CLANG_ENABLE_OBJC_WEAK = YES;
				CLANG_WARN_BLOCK_CAPTURE_AUTORELEASING = YES;
				CLANG_WARN_BOOL_CONVERSION = YES;
				CLANG_WARN_COMMA = YES;
				CLANG_WARN_CONSTANT_CONVERSION = YES;
				CLANG_WARN_DEPRECATED_OBJC_IMPLEMENTATIONS = YES;
				CLANG_WARN_DIRECT_OBJC_ISA_USAGE = YES_ERROR;
				CLANG_WARN_DOCUMENTATION_COMMENTS = YES;
				CLANG_WARN_EMPTY_BODY = YES;
				CLANG_WARN_ENUM_CONVERSION = YES;
				CLANG_WARN_INFINITE_RECURSION = YES;
				CLANG_WARN_INT_CONVERSION = YES;
				CLANG_WARN_NON_LITERAL_NULL_CONVERSION = YES;
				CLANG_WARN_OBJC_IMPLICIT_RETAIN_SELF = YES;
				CLANG_WARN_OBJC_LITERAL_CONVERSION = YES;
				CLANG_WARN_OBJC_ROOT_CLASS = YES_ERROR;
				CLANG_WARN_RANGE_LOOP_ANALYSIS = YES;
				CLANG_WARN_STRICT_PROTOTYPES = YES;
				CLANG_WARN_SUSPICIOUS_MOVE = YES;
				CLANG_WARN_UNGUARDED_AVAILABILITY = YES_AGGRESSIVE;
				CLANG_WARN_UNREACHABLE_CODE = YES;
				CLANG_WARN__DUPLICATE_METHOD_MATCH = YES;
				CODE_SIGN_IDENTITY = "iPhone Developer";
				COPY_PHASE_STRIP = NO;
				DEBUG_INFORMATION_FORMAT = "dwarf-with-dsym";
				ENABLE_NS_ASSERTIONS = NO;
				ENABLE_STRICT_OBJC_MSGSEND = YES;
				GCC_C_LANGUAGE_STANDARD = gnu11;
				GCC_NO_COMMON_BLOCKS = YES;
				GCC_WARN_64_TO_32_BIT_CONVERSION = YES;
				GCC_WARN_ABOUT_RETURN_TYPE = YES_ERROR;
				GCC_WARN_UNDECLARED_SELECTOR = YES;
				GCC_WARN_UNINITIALIZED_AUTOS = YES_AGGRESSIVE;
				GCC_WARN_UNUSED_FUNCTION = YES;
				GCC_WARN_UNUSED_VARIABLE = YES;
				IPHONEOS_DEPLOYMENT_TARGET = 11.4;
				MTL_ENABLE_DEBUG_INFO = NO;
				SDKROOT = iphoneos;
				VALIDATE_PRODUCT = YES;
			};
			name = Release;
		};
		FDCD522B21084C880081FE4D /* Debug */ = {
			isa = XCBuildConfiguration;
			buildSettings = {
				ALWAYS_EMBED_SWIFT_STANDARD_LIBRARIES = YES;
				ASSETCATALOG_COMPILER_APPICON_NAME = AppIcon;
				CODE_SIGN_STYLE = Automatic;
				DEVELOPMENT_TEAM = 8S22M6VZG7;
				HEADER_SEARCH_PATHS = (
					"$(PROJECT_DIR)/../adb/adb",
					"$(PROJECT_DIR)/../cw/cw",
					"$(PROJECT_DIR)/../minizip/minizip",
					"$(PROJECT_DIR)/../flurry",
				);
				INFOPLIST_FILE = acwios/Info.plist;
				LD_RUNPATH_SEARCH_PATHS = (
					"$(inherited)",
					"@executable_path/Frameworks",
				);
				LIBRARY_SEARCH_PATHS = "$(PROJECT_DIR)/../flurry";
				PRODUCT_BUNDLE_IDENTIFIER = com.zapp.acw;
				PRODUCT_NAME = "$(TARGET_NAME)";
				TARGETED_DEVICE_FAMILY = "1,2";
			};
			name = Debug;
		};
		FDCD522C21084C880081FE4D /* Release */ = {
			isa = XCBuildConfiguration;
			buildSettings = {
				ALWAYS_EMBED_SWIFT_STANDARD_LIBRARIES = YES;
				ASSETCATALOG_COMPILER_APPICON_NAME = AppIcon;
				CODE_SIGN_STYLE = Automatic;
				DEVELOPMENT_TEAM = 8S22M6VZG7;
				HEADER_SEARCH_PATHS = (
					"$(PROJECT_DIR)/../adb/adb",
					"$(PROJECT_DIR)/../cw/cw",
					"$(PROJECT_DIR)/../minizip/minizip",
					"$(PROJECT_DIR)/../flurry",
				);
				INFOPLIST_FILE = acwios/Info.plist;
				LD_RUNPATH_SEARCH_PATHS = (
					"$(inherited)",
					"@executable_path/Frameworks",
				);
				LIBRARY_SEARCH_PATHS = "$(PROJECT_DIR)/../flurry";
				PRODUCT_BUNDLE_IDENTIFIER = com.zapp.acw;
				PRODUCT_NAME = "$(TARGET_NAME)";
				TARGETED_DEVICE_FAMILY = "1,2";
			};
			name = Release;
		};
/* End XCBuildConfiguration section */

/* Begin XCConfigurationList section */
		FDCD520F21084C860081FE4D /* Build configuration list for PBXProject "acwios" */ = {
			isa = XCConfigurationList;
			buildConfigurations = (
				FDCD522821084C880081FE4D /* Debug */,
				FDCD522921084C880081FE4D /* Release */,
			);
			defaultConfigurationIsVisible = 0;
			defaultConfigurationName = Release;
		};
		FDCD522A21084C880081FE4D /* Build configuration list for PBXNativeTarget "acwios" */ = {
			isa = XCConfigurationList;
			buildConfigurations = (
				FDCD522B21084C880081FE4D /* Debug */,
				FDCD522C21084C880081FE4D /* Release */,
			);
			defaultConfigurationIsVisible = 0;
			defaultConfigurationName = Release;
		};
/* End XCConfigurationList section */
	};
	rootObject = FDCD520C21084C860081FE4D /* Project object */;
}
