// !$*UTF8*$!
{
	archiveVersion = 1;
	classes = {
	};
	objectVersion = 50;
	objects = {

/* Begin PBXBuildFile section */
		F08CBAF522DFCB8A0090A246 /* ioapi.c in Sources */ = {isa = PBXBuildFile; fileRef = F09B2190210DB55C00F26BFA /* ioapi.c */; };
		F08CBAF622DFCB8E0090A246 /* miniunz.c in Sources */ = {isa = PBXBuildFile; fileRef = F09B2191210DB55C00F26BFA /* miniunz.c */; };
		F08CBAF722DFCB950090A246 /* minizip.c in Sources */ = {isa = PBXBuildFile; fileRef = F09B2194210DB55C00F26BFA /* minizip.c */; };
		F08CBAF822DFCB950090A246 /* mztools.c in Sources */ = {isa = PBXBuildFile; fileRef = F09B2193210DB55C00F26BFA /* mztools.c */; };
		F08CBAF922DFCB9A0090A246 /* unzip.c in Sources */ = {isa = PBXBuildFile; fileRef = F09B2188210DB55B00F26BFA /* unzip.c */; };
		F08CBAFA22DFCB9E0090A246 /* zip.c in Sources */ = {isa = PBXBuildFile; fileRef = F09B218F210DB55C00F26BFA /* zip.c */; };
		F09B2195210DB55C00F26BFA /* unzip.c in Sources */ = {isa = PBXBuildFile; fileRef = F09B2188210DB55B00F26BFA /* unzip.c */; };
		F09B2197210DB55C00F26BFA /* zip.c in Sources */ = {isa = PBXBuildFile; fileRef = F09B218F210DB55C00F26BFA /* zip.c */; };
		F09B2198210DB55C00F26BFA /* ioapi.c in Sources */ = {isa = PBXBuildFile; fileRef = F09B2190210DB55C00F26BFA /* ioapi.c */; };
		F09B2199210DB55C00F26BFA /* miniunz.c in Sources */ = {isa = PBXBuildFile; fileRef = F09B2191210DB55C00F26BFA /* miniunz.c */; };
		F09B219A210DB55C00F26BFA /* mztools.c in Sources */ = {isa = PBXBuildFile; fileRef = F09B2193210DB55C00F26BFA /* mztools.c */; };
		F09B219B210DB55C00F26BFA /* minizip.c in Sources */ = {isa = PBXBuildFile; fileRef = F09B2194210DB55C00F26BFA /* minizip.c */; };
/* End PBXBuildFile section */

/* Begin PBXCopyFilesBuildPhase section */
		F09B217A210DB50D00F26BFA /* CopyFiles */ = {
			isa = PBXCopyFilesBuildPhase;
			buildActionMask = 2147483647;
			dstPath = "include/$(PRODUCT_NAME)";
			dstSubfolderSpec = 16;
			files = (
			);
			runOnlyForDeploymentPostprocessing = 0;
		};
/* End PBXCopyFilesBuildPhase section */

/* Begin PBXFileReference section */
		F08CBAEC22DFCB5A0090A246 /* libminizipmac.a */ = {isa = PBXFileReference; explicitFileType = archive.ar; includeInIndex = 0; path = libminizipmac.a; sourceTree = BUILT_PRODUCTS_DIR; };
		F09B217C210DB50D00F26BFA /* libminizip.a */ = {isa = PBXFileReference; explicitFileType = archive.ar; includeInIndex = 0; path = libminizip.a; sourceTree = BUILT_PRODUCTS_DIR; };
		F09B2188210DB55B00F26BFA /* unzip.c */ = {isa = PBXFileReference; fileEncoding = 4; lastKnownFileType = sourcecode.c.c; path = unzip.c; sourceTree = "<group>"; };
		F09B218B210DB55B00F26BFA /* zip.h */ = {isa = PBXFileReference; fileEncoding = 4; lastKnownFileType = sourcecode.c.h; path = zip.h; sourceTree = "<group>"; };
		F09B218C210DB55B00F26BFA /* unzip.h */ = {isa = PBXFileReference; fileEncoding = 4; lastKnownFileType = sourcecode.c.h; path = unzip.h; sourceTree = "<group>"; };
		F09B218D210DB55B00F26BFA /* mztools.h */ = {isa = PBXFileReference; fileEncoding = 4; lastKnownFileType = sourcecode.c.h; path = mztools.h; sourceTree = "<group>"; };
		F09B218E210DB55B00F26BFA /* crypt.h */ = {isa = PBXFileReference; fileEncoding = 4; lastKnownFileType = sourcecode.c.h; path = crypt.h; sourceTree = "<group>"; };
		F09B218F210DB55C00F26BFA /* zip.c */ = {isa = PBXFileReference; fileEncoding = 4; lastKnownFileType = sourcecode.c.c; path = zip.c; sourceTree = "<group>"; };
		F09B2190210DB55C00F26BFA /* ioapi.c */ = {isa = PBXFileReference; fileEncoding = 4; lastKnownFileType = sourcecode.c.c; path = ioapi.c; sourceTree = "<group>"; };
		F09B2191210DB55C00F26BFA /* miniunz.c */ = {isa = PBXFileReference; fileEncoding = 4; lastKnownFileType = sourcecode.c.c; path = miniunz.c; sourceTree = "<group>"; };
		F09B2192210DB55C00F26BFA /* ioapi.h */ = {isa = PBXFileReference; fileEncoding = 4; lastKnownFileType = sourcecode.c.h; path = ioapi.h; sourceTree = "<group>"; };
		F09B2193210DB55C00F26BFA /* mztools.c */ = {isa = PBXFileReference; fileEncoding = 4; lastKnownFileType = sourcecode.c.c; path = mztools.c; sourceTree = "<group>"; };
		F09B2194210DB55C00F26BFA /* minizip.c */ = {isa = PBXFileReference; fileEncoding = 4; lastKnownFileType = sourcecode.c.c; path = minizip.c; sourceTree = "<group>"; };
/* End PBXFileReference section */

/* Begin PBXFrameworksBuildPhase section */
		F08CBAEA22DFCB5A0090A246 /* Frameworks */ = {
			isa = PBXFrameworksBuildPhase;
			buildActionMask = 2147483647;
			files = (
			);
			runOnlyForDeploymentPostprocessing = 0;
		};
		F09B2179210DB50D00F26BFA /* Frameworks */ = {
			isa = PBXFrameworksBuildPhase;
			buildActionMask = 2147483647;
			files = (
			);
			runOnlyForDeploymentPostprocessing = 0;
		};
/* End PBXFrameworksBuildPhase section */

/* Begin PBXGroup section */
		F09B2173210DB50D00F26BFA = {
			isa = PBXGroup;
			children = (
				F09B217E210DB50D00F26BFA /* minizip */,
				F09B217D210DB50D00F26BFA /* Products */,
			);
			sourceTree = "<group>";
		};
		F09B217D210DB50D00F26BFA /* Products */ = {
			isa = PBXGroup;
			children = (
				F09B217C210DB50D00F26BFA /* libminizip.a */,
				F08CBAEC22DFCB5A0090A246 /* libminizipmac.a */,
			);
			name = Products;
			sourceTree = "<group>";
		};
		F09B217E210DB50D00F26BFA /* minizip */ = {
			isa = PBXGroup;
			children = (
				F09B218E210DB55B00F26BFA /* crypt.h */,
				F09B2190210DB55C00F26BFA /* ioapi.c */,
				F09B2192210DB55C00F26BFA /* ioapi.h */,
				F09B2191210DB55C00F26BFA /* miniunz.c */,
				F09B2194210DB55C00F26BFA /* minizip.c */,
				F09B2193210DB55C00F26BFA /* mztools.c */,
				F09B218D210DB55B00F26BFA /* mztools.h */,
				F09B2188210DB55B00F26BFA /* unzip.c */,
				F09B218C210DB55B00F26BFA /* unzip.h */,
				F09B218F210DB55C00F26BFA /* zip.c */,
				F09B218B210DB55B00F26BFA /* zip.h */,
			);
			path = minizip;
			sourceTree = "<group>";
		};
/* End PBXGroup section */

/* Begin PBXHeadersBuildPhase section */
		F08CBAE822DFCB5A0090A246 /* Headers */ = {
			isa = PBXHeadersBuildPhase;
			buildActionMask = 2147483647;
			files = (
			);
			runOnlyForDeploymentPostprocessing = 0;
		};
/* End PBXHeadersBuildPhase section */

/* Begin PBXNativeTarget section */
		F08CBAEB22DFCB5A0090A246 /* minizipmac */ = {
			isa = PBXNativeTarget;
			buildConfigurationList = F08CBAF422DFCB5A0090A246 /* Build configuration list for PBXNativeTarget "minizipmac" */;
			buildPhases = (
				F08CBAE822DFCB5A0090A246 /* Headers */,
				F08CBAE922DFCB5A0090A246 /* Sources */,
				F08CBAEA22DFCB5A0090A246 /* Frameworks */,
			);
			buildRules = (
			);
			dependencies = (
			);
			name = minizipmac;
			productName = minizipmac;
			productReference = F08CBAEC22DFCB5A0090A246 /* libminizipmac.a */;
			productType = "com.apple.product-type.library.static";
		};
		F09B217B210DB50D00F26BFA /* minizip */ = {
			isa = PBXNativeTarget;
			buildConfigurationList = F09B2185210DB50D00F26BFA /* Build configuration list for PBXNativeTarget "minizip" */;
			buildPhases = (
				F09B2178210DB50D00F26BFA /* Sources */,
				F09B2179210DB50D00F26BFA /* Frameworks */,
				F09B217A210DB50D00F26BFA /* CopyFiles */,
			);
			buildRules = (
			);
			dependencies = (
			);
			name = minizip;
			productName = minizip;
			productReference = F09B217C210DB50D00F26BFA /* libminizip.a */;
			productType = "com.apple.product-type.library.static";
		};
/* End PBXNativeTarget section */

/* Begin PBXProject section */
		F09B2174210DB50D00F26BFA /* Project object */ = {
			isa = PBXProject;
			attributes = {
				LastUpgradeCheck = 0940;
				ORGANIZATIONNAME = "Laki Zoltán";
				TargetAttributes = {
					F08CBAEB22DFCB5A0090A246 = {
						CreatedOnToolsVersion = 10.2;
					};
					F09B217B210DB50D00F26BFA = {
						CreatedOnToolsVersion = 9.4.1;
					};
				};
			};
			buildConfigurationList = F09B2177210DB50D00F26BFA /* Build configuration list for PBXProject "minizip" */;
			compatibilityVersion = "Xcode 9.3";
			developmentRegion = en;
			hasScannedForEncodings = 0;
			knownRegions = (
				en,
			);
			mainGroup = F09B2173210DB50D00F26BFA;
			productRefGroup = F09B217D210DB50D00F26BFA /* Products */;
			projectDirPath = "";
			projectRoot = "";
			targets = (
				F09B217B210DB50D00F26BFA /* minizip */,
				F08CBAEB22DFCB5A0090A246 /* minizipmac */,
			);
		};
/* End PBXProject section */

/* Begin PBXSourcesBuildPhase section */
		F08CBAE922DFCB5A0090A246 /* Sources */ = {
			isa = PBXSourcesBuildPhase;
			buildActionMask = 2147483647;
			files = (
				F08CBAF922DFCB9A0090A246 /* unzip.c in Sources */,
				F08CBAF522DFCB8A0090A246 /* ioapi.c in Sources */,
				F08CBAF722DFCB950090A246 /* minizip.c in Sources */,
				F08CBAFA22DFCB9E0090A246 /* zip.c in Sources */,
				F08CBAF622DFCB8E0090A246 /* miniunz.c in Sources */,
				F08CBAF822DFCB950090A246 /* mztools.c in Sources */,
			);
			runOnlyForDeploymentPostprocessing = 0;
		};
		F09B2178210DB50D00F26BFA /* Sources */ = {
			isa = PBXSourcesBuildPhase;
			buildActionMask = 2147483647;
			files = (
				F09B2197210DB55C00F26BFA /* zip.c in Sources */,
				F09B2195210DB55C00F26BFA /* unzip.c in Sources */,
				F09B219A210DB55C00F26BFA /* mztools.c in Sources */,
				F09B219B210DB55C00F26BFA /* minizip.c in Sources */,
				F09B2198210DB55C00F26BFA /* ioapi.c in Sources */,
				F09B2199210DB55C00F26BFA /* miniunz.c in Sources */,
			);
			runOnlyForDeploymentPostprocessing = 0;
		};
/* End PBXSourcesBuildPhase section */

/* Begin XCBuildConfiguration section */
		F08CBAF222DFCB5A0090A246 /* Debug */ = {
			isa = XCBuildConfiguration;
			buildSettings = {
				CLANG_WARN_STRICT_PROTOTYPES = YES;
				CODE_SIGN_IDENTITY = "-";
				CODE_SIGN_STYLE = Automatic;
				EXECUTABLE_PREFIX = lib;
				MACOSX_DEPLOYMENT_TARGET = 10.14;
				MTL_ENABLE_DEBUG_INFO = INCLUDE_SOURCE;
				MTL_FAST_MATH = YES;
				PRODUCT_NAME = "$(TARGET_NAME)";
				SDKROOT = macosx;
				SKIP_INSTALL = YES;
			};
			name = Debug;
		};
		F08CBAF322DFCB5A0090A246 /* Release */ = {
			isa = XCBuildConfiguration;
			buildSettings = {
				CLANG_WARN_STRICT_PROTOTYPES = YES;
				CODE_SIGN_IDENTITY = "-";
				CODE_SIGN_STYLE = Automatic;
				EXECUTABLE_PREFIX = lib;
				MACOSX_DEPLOYMENT_TARGET = 10.14;
				MTL_FAST_MATH = YES;
				PRODUCT_NAME = "$(TARGET_NAME)";
				SDKROOT = macosx;
				SKIP_INSTALL = YES;
			};
			name = Release;
		};
		F09B2183210DB50D00F26BFA /* Debug */ = {
			isa = XCBuildConfiguration;
			buildSettings = {
				ALWAYS_SEARCH_USER_PATHS = NO;
				CLANG_ANALYZER_NONNULL = YES;
				CLANG_ANALYZER_NUMBER_OBJECT_CONVERSION = YES_AGGRESSIVE;
				CLANG_CXX_LANGUAGE_STANDARD = "gnu++14";
				CLANG_CXX_LIBRARY = "libc++";
				CLANG_ENABLE_MODULES = YES;
				CLANG_ENABLE_OBJC_ARC = YES;
				CLANG_ENABLE_OBJC_WEAK = YES;
				CLANG_WARN_BLOCK_CAPTURE_AUTORELEASING = YES;
				CLANG_WARN_BOOL_CONVERSION = YES;
				CLANG_WARN_COMMA = YES;
				CLANG_WARN_CONSTANT_CONVERSION = YES;
				CLANG_WARN_DEPRECATED_OBJC_IMPLEMENTATIONS = YES;
				CLANG_WARN_DIRECT_OBJC_ISA_USAGE = YES_ERROR;
				CLANG_WARN_DOCUMENTATION_COMMENTS = YES;
				CLANG_WARN_EMPTY_BODY = YES;
				CLANG_WARN_ENUM_CONVERSION = YES;
				CLANG_WARN_INFINITE_RECURSION = YES;
				CLANG_WARN_INT_CONVERSION = YES;
				CLANG_WARN_NON_LITERAL_NULL_CONVERSION = YES;
				CLANG_WARN_OBJC_IMPLICIT_RETAIN_SELF = YES;
				CLANG_WARN_OBJC_LITERAL_CONVERSION = YES;
				CLANG_WARN_OBJC_ROOT_CLASS = YES_ERROR;
				CLANG_WARN_RANGE_LOOP_ANALYSIS = YES;
				CLANG_WARN_STRICT_PROTOTYPES = NO;
				CLANG_WARN_SUSPICIOUS_MOVE = YES;
				CLANG_WARN_UNGUARDED_AVAILABILITY = YES_AGGRESSIVE;
				CLANG_WARN_UNREACHABLE_CODE = YES;
				CLANG_WARN__DUPLICATE_METHOD_MATCH = YES;
				CODE_SIGN_IDENTITY = "iPhone Developer";
				COPY_PHASE_STRIP = NO;
				DEBUG_INFORMATION_FORMAT = dwarf;
				ENABLE_STRICT_OBJC_MSGSEND = YES;
				ENABLE_TESTABILITY = YES;
				GCC_C_LANGUAGE_STANDARD = gnu11;
				GCC_DYNAMIC_NO_PIC = NO;
				GCC_NO_COMMON_BLOCKS = YES;
				GCC_OPTIMIZATION_LEVEL = 0;
				GCC_PREPROCESSOR_DEFINITIONS = (
					"DEBUG=1",
					"$(inherited)",
				);
				GCC_WARN_64_TO_32_BIT_CONVERSION = YES;
				GCC_WARN_ABOUT_RETURN_TYPE = YES_ERROR;
				GCC_WARN_UNDECLARED_SELECTOR = YES;
				GCC_WARN_UNINITIALIZED_AUTOS = YES_AGGRESSIVE;
				GCC_WARN_UNUSED_FUNCTION = YES;
				GCC_WARN_UNUSED_VARIABLE = YES;
				IPHONEOS_DEPLOYMENT_TARGET = 11.4;
				MTL_ENABLE_DEBUG_INFO = YES;
				ONLY_ACTIVE_ARCH = YES;
				SDKROOT = iphoneos;
			};
			name = Debug;
		};
		F09B2184210DB50D00F26BFA /* Release */ = {
			isa = XCBuildConfiguration;
			buildSettings = {
				ALWAYS_SEARCH_USER_PATHS = NO;
				CLANG_ANALYZER_NONNULL = YES;
				CLANG_ANALYZER_NUMBER_OBJECT_CONVERSION = YES_AGGRESSIVE;
				CLANG_CXX_LANGUAGE_STANDARD = "gnu++14";
				CLANG_CXX_LIBRARY = "libc++";
				CLANG_ENABLE_MODULES = YES;
				CLANG_ENABLE_OBJC_ARC = YES;
				CLANG_ENABLE_OBJC_WEAK = YES;
				CLANG_WARN_BLOCK_CAPTURE_AUTORELEASING = YES;
				CLANG_WARN_BOOL_CONVERSION = YES;
				CLANG_WARN_COMMA = YES;
				CLANG_WARN_CONSTANT_CONVERSION = YES;
				CLANG_WARN_DEPRECATED_OBJC_IMPLEMENTATIONS = YES;
				CLANG_WARN_DIRECT_OBJC_ISA_USAGE = YES_ERROR;
				CLANG_WARN_DOCUMENTATION_COMMENTS = YES;
				CLANG_WARN_EMPTY_BODY = YES;
				CLANG_WARN_ENUM_CONVERSION = YES;
				CLANG_WARN_INFINITE_RECURSION = YES;
				CLANG_WARN_INT_CONVERSION = YES;
				CLANG_WARN_NON_LITERAL_NULL_CONVERSION = YES;
				CLANG_WARN_OBJC_IMPLICIT_RETAIN_SELF = YES;
				CLANG_WARN_OBJC_LITERAL_CONVERSION = YES;
				CLANG_WARN_OBJC_ROOT_CLASS = YES_ERROR;
				CLANG_WARN_RANGE_LOOP_ANALYSIS = YES;
				CLANG_WARN_STRICT_PROTOTYPES = NO;
				CLANG_WARN_SUSPICIOUS_MOVE = YES;
				CLANG_WARN_UNGUARDED_AVAILABILITY = YES_AGGRESSIVE;
				CLANG_WARN_UNREACHABLE_CODE = YES;
				CLANG_WARN__DUPLICATE_METHOD_MATCH = YES;
				CODE_SIGN_IDENTITY = "iPhone Developer";
				COPY_PHASE_STRIP = NO;
				DEBUG_INFORMATION_FORMAT = "dwarf-with-dsym";
				ENABLE_NS_ASSERTIONS = NO;
				ENABLE_STRICT_OBJC_MSGSEND = YES;
				GCC_C_LANGUAGE_STANDARD = gnu11;
				GCC_NO_COMMON_BLOCKS = YES;
				GCC_WARN_64_TO_32_BIT_CONVERSION = YES;
				GCC_WARN_ABOUT_RETURN_TYPE = YES_ERROR;
				GCC_WARN_UNDECLARED_SELECTOR = YES;
				GCC_WARN_UNINITIALIZED_AUTOS = YES_AGGRESSIVE;
				GCC_WARN_UNUSED_FUNCTION = YES;
				GCC_WARN_UNUSED_VARIABLE = YES;
				IPHONEOS_DEPLOYMENT_TARGET = 11.4;
				MTL_ENABLE_DEBUG_INFO = NO;
				SDKROOT = iphoneos;
				VALIDATE_PRODUCT = YES;
			};
			name = Release;
		};
		F09B2186210DB50D00F26BFA /* Debug */ = {
			isa = XCBuildConfiguration;
			buildSettings = {
				CODE_SIGN_STYLE = Automatic;
				OTHER_LDFLAGS = "-ObjC";
				PRODUCT_NAME = "$(TARGET_NAME)";
				SKIP_INSTALL = YES;
				TARGETED_DEVICE_FAMILY = "1,2";
			};
			name = Debug;
		};
		F09B2187210DB50D00F26BFA /* Release */ = {
			isa = XCBuildConfiguration;
			buildSettings = {
				CODE_SIGN_STYLE = Automatic;
				OTHER_LDFLAGS = "-ObjC";
				PRODUCT_NAME = "$(TARGET_NAME)";
				SKIP_INSTALL = YES;
				TARGETED_DEVICE_FAMILY = "1,2";
			};
			name = Release;
		};
/* End XCBuildConfiguration section */

/* Begin XCConfigurationList section */
		F08CBAF422DFCB5A0090A246 /* Build configuration list for PBXNativeTarget "minizipmac" */ = {
			isa = XCConfigurationList;
			buildConfigurations = (
				F08CBAF222DFCB5A0090A246 /* Debug */,
				F08CBAF322DFCB5A0090A246 /* Release */,
			);
			defaultConfigurationIsVisible = 0;
			defaultConfigurationName = Release;
		};
		F09B2177210DB50D00F26BFA /* Build configuration list for PBXProject "minizip" */ = {
			isa = XCConfigurationList;
			buildConfigurations = (
				F09B2183210DB50D00F26BFA /* Debug */,
				F09B2184210DB50D00F26BFA /* Release */,
			);
			defaultConfigurationIsVisible = 0;
			defaultConfigurationName = Release;
		};
		F09B2185210DB50D00F26BFA /* Build configuration list for PBXNativeTarget "minizip" */ = {
			isa = XCConfigurationList;
			buildConfigurations = (
				F09B2186210DB50D00F26BFA /* Debug */,
				F09B2187210DB50D00F26BFA /* Release */,
			);
			defaultConfigurationIsVisible = 0;
			defaultConfigurationName = Release;
		};
/* End XCConfigurationList section */
	};
	rootObject = F09B2174210DB50D00F26BFA /* Project object */;
}
